
Microsoft Visual Studio Solution File, Format Version 12.00
# Visual Studio Version 16
VisualStudioVersion = 16.0.31019.35
MinimumVisualStudioVersion = 10.0.40219.1
Project("{9A19103F-16F7-4668-BE54-9A1E7A4F7556}") = "UC1_FindMaximum", "UC1_FindMaximum\UC1_FindMaximum.csproj", "{6CEC60FC-0DD3-481A-8106-60EE4026FD93}"
EndProject
Project("{FAE04EC0-301F-11D3-BF4B-00C04F79EFBC}") = "UnitTestProject1", "UnitTestProject1\UnitTestProject1.csproj", "{0E3DA736-EE72-43B1-BEB3-7DFC93218FC0}"
EndProject
Project("{FAE04EC0-301F-11D3-BF4B-00C04F79EFBC}") = "UnitTestProject1.2", "UnitTestProject1.2\UnitTestProject1.2.csproj", "{266E8DDA-C386-4965-A210-BC5F951E970B}"
EndProject
Project("{FAE04EC0-301F-11D3-BF4B-00C04F79EFBC}") = "UnitTestProject1.3", "UnitTestProject1.3\UnitTestProject1.3.csproj", "{35855069-D381-4E31-8F63-AF735197010F}"
EndProject
Global
	GlobalSection(SolutionConfigurationPlatforms) = preSolution
		Debug|Any CPU = Debug|Any CPU
		Release|Any CPU = Release|Any CPU
	EndGlobalSection
	GlobalSection(ProjectConfigurationPlatforms) = postSolution
		{6CEC60FC-0DD3-481A-8106-60EE4026FD93}.Debug|Any CPU.ActiveCfg = Debug|Any CPU
		{6CEC60FC-0DD3-481A-8106-60EE4026FD93}.Debug|Any CPU.Build.0 = Debug|Any CPU
		{6CEC60FC-0DD3-481A-8106-60EE4026FD93}.Release|Any CPU.ActiveCfg = Release|Any CPU
		{6CEC60FC-0DD3-481A-8106-60EE4026FD93}.Release|Any CPU.Build.0 = Release|Any CPU
		{0E3DA736-EE72-43B1-BEB3-7DFC93218FC0}.Debug|Any CPU.ActiveCfg = Debug|Any CPU
		{0E3DA736-EE72-43B1-BEB3-7DFC93218FC0}.Debug|Any CPU.Build.0 = Debug|Any CPU
		{0E3DA736-EE72-43B1-BEB3-7DFC93218FC0}.Release|Any CPU.ActiveCfg = Release|Any CPU
		{0E3DA736-EE72-43B1-BEB3-7DFC93218FC0}.Release|Any CPU.Build.0 = Release|Any CPU
		{266E8DDA-C386-4965-A210-BC5F951E970B}.Debug|Any CPU.ActiveCfg = Debug|Any CPU
		{266E8DDA-C386-4965-A210-BC5F951E970B}.Debug|Any CPU.Build.0 = Debug|Any CPU
		{266E8DDA-C386-4965-A210-BC5F951E970B}.Release|Any CPU.ActiveCfg = Release|Any CPU
		{266E8DDA-C386-4965-A210-BC5F951E970B}.Release|Any CPU.Build.0 = Release|Any CPU
		{35855069-D381-4E31-8F63-AF735197010F}.Debug|Any CPU.ActiveCfg = Debug|Any CPU
		{35855069-D381-4E31-8F63-AF735197010F}.Debug|Any CPU.Build.0 = Debug|Any CPU
		{35855069-D381-4E31-8F63-AF735197010F}.Release|Any CPU.ActiveCfg = Release|Any CPU
		{35855069-D381-4E31-8F63-AF735197010F}.Release|Any CPU.Build.0 = Release|Any CPU
	EndGlobalSection
	GlobalSection(SolutionProperties) = preSolution
		HideSolutionNode = FALSE
	EndGlobalSection
	GlobalSection(ExtensibilityGlobals) = postSolution
		SolutionGuid = {4CA47E88-F41C-4839-BF4F-66E5F6313B02}
	EndGlobalSection
EndGlobal
